
Microsoft Visual Studio Solution File, Format Version 12.00
# Visual Studio Version 16
VisualStudioVersion = 16.0.31515.178
MinimumVisualStudioVersion = 10.0.40219.1
Project("{FAE04EC0-301F-11D3-BF4B-00C04F79EFBC}") = "Q1String_manipulation", "Q1String_manipulation\Q1String_manipulation.csproj", "{B22F4E49-8750-485A-BF72-10D43B09709F}"
EndProject
Global
	GlobalSection(SolutionConfigurationPlatforms) = preSolution
		Debug|Any CPU = Debug|Any CPU
		Release|Any CPU = Release|Any CPU
	EndGlobalSection
	GlobalSection(ProjectConfigurationPlatforms) = postSolution
		{B22F4E49-8750-485A-BF72-10D43B09709F}.Debug|Any CPU.ActiveCfg = Debug|Any CPU
		{B22F4E49-8750-485A-BF72-10D43B09709F}.Debug|Any CPU.Build.0 = Debug|Any CPU
		{B22F4E49-8750-485A-BF72-10D43B09709F}.Release|Any CPU.ActiveCfg = Release|Any CPU
		{B22F4E49-8750-485A-BF72-10D43B09709F}.Release|Any CPU.Build.0 = Release|Any CPU
	EndGlobalSection
	GlobalSection(SolutionProperties) = preSolution
		HideSolutionNode = FALSE
	EndGlobalSection
	GlobalSection(ExtensibilityGlobals) = postSolution
		SolutionGuid = {9A5EB73D-BED6-4C8C-9998-5C778F9A7A95}
	EndGlobalSection
EndGlobal
